// !$*UTF8*$!
{
	archiveVersion = 1;
	classes = {
	};
	objectVersion = 52;
	objects = {

/* Begin PBXBuildFile section */
		0D78848E54B937EDBC5E9F7E /* Pods_SpotifyRebuild.framework in Frameworks */ = {isa = PBXBuildFile; fileRef = 65BFA00B4FEBF56E82E62450 /* Pods_SpotifyRebuild.framework */; };
		71D5A105261B4B9800642D94 /* PlaylistDetailsResponse.swift in Sources */ = {isa = PBXBuildFile; fileRef = 71D5A104261B4B9800642D94 /* PlaylistDetailsResponse.swift */; };
		71D5A10D261B589100642D94 /* PlaylistHeaderCollectionReusableView.swift in Sources */ = {isa = PBXBuildFile; fileRef = 71D5A10C261B589100642D94 /* PlaylistHeaderCollectionReusableView.swift */; };
		71D5A110261B5ED100642D94 /* PlaylistHeaderViewModel.swift in Sources */ = {isa = PBXBuildFile; fileRef = 71D5A10F261B5ED100642D94 /* PlaylistHeaderViewModel.swift */; };
		71FA9ABB261C388400595397 /* TitleHeaderCollectionReusableView.swift in Sources */ = {isa = PBXBuildFile; fileRef = 71FA9ABA261C388400595397 /* TitleHeaderCollectionReusableView.swift */; };
		71FA9ABE261C50C600595397 /* AlbumTrackCollectionViewCell.swift in Sources */ = {isa = PBXBuildFile; fileRef = 71FA9ABD261C50C600595397 /* AlbumTrackCollectionViewCell.swift */; };
		71FA9AC1261C525A00595397 /* AlbumCollectionCellViewModel.swift in Sources */ = {isa = PBXBuildFile; fileRef = 71FA9AC0261C525A00595397 /* AlbumCollectionCellViewModel.swift */; };
		71FA9AC4261C533500595397 /* DateFormatter.swift in Sources */ = {isa = PBXBuildFile; fileRef = 71FA9AC3261C533500595397 /* DateFormatter.swift */; };
		71FA9AC7261C53D900595397 /* String.swift in Sources */ = {isa = PBXBuildFile; fileRef = 71FA9AC6261C53D900595397 /* String.swift */; };
		71FA9ACA261C57AB00595397 /* SearchResultsViewController.swift in Sources */ = {isa = PBXBuildFile; fileRef = 71FA9AC9261C57AB00595397 /* SearchResultsViewController.swift */; };
		71FA9ACD261C5C7300595397 /* CategoryCollectionViewCell.swift in Sources */ = {isa = PBXBuildFile; fileRef = 71FA9ACC261C5C7300595397 /* CategoryCollectionViewCell.swift */; };
		71FA9AD0261C6DA000595397 /* AllCategoriesResponse.swift in Sources */ = {isa = PBXBuildFile; fileRef = 71FA9ACF261C6DA000595397 /* AllCategoriesResponse.swift */; };
		71FA9AD4261C740600595397 /* CategoryCollectionViewModel.swift in Sources */ = {isa = PBXBuildFile; fileRef = 71FA9AD3261C740600595397 /* CategoryCollectionViewModel.swift */; };
		71FA9AD8261C75CE00595397 /* CategoryViewController.swift in Sources */ = {isa = PBXBuildFile; fileRef = 71FA9AD7261C75CE00595397 /* CategoryViewController.swift */; };
		8E0A704B2616F56A001B197C /* RecommendationsResponse.swift in Sources */ = {isa = PBXBuildFile; fileRef = 8E0A704A2616F56A001B197C /* RecommendationsResponse.swift */; };
		8E0A705126171F77001B197C /* NewReleaseCollectionViewCell.swift in Sources */ = {isa = PBXBuildFile; fileRef = 8E0A705026171F77001B197C /* NewReleaseCollectionViewCell.swift */; };
		8E0A705526171FC3001B197C /* FeaturedPlaylistCollectionViewCell.swift in Sources */ = {isa = PBXBuildFile; fileRef = 8E0A705426171FC3001B197C /* FeaturedPlaylistCollectionViewCell.swift */; };
		8E0A705826171FF0001B197C /* RecommendedTrackCollectionViewCell.swift in Sources */ = {isa = PBXBuildFile; fileRef = 8E0A705726171FF0001B197C /* RecommendedTrackCollectionViewCell.swift */; };
		8E0A705B26172588001B197C /* NewReleasesCellViewModel.swift in Sources */ = {isa = PBXBuildFile; fileRef = 8E0A705A26172588001B197C /* NewReleasesCellViewModel.swift */; };
		8E6BC20926198AB800501FBD /* FeaturedPlaylistCellViewModel.swift in Sources */ = {isa = PBXBuildFile; fileRef = 8E6BC20826198AB800501FBD /* FeaturedPlaylistCellViewModel.swift */; };
		8E6BC20C26198B3A00501FBD /* RecommendedTrackCellViewModel.swift in Sources */ = {isa = PBXBuildFile; fileRef = 8E6BC20B26198B3A00501FBD /* RecommendedTrackCellViewModel.swift */; };
		8E6BC20F2619998D00501FBD /* AlbumViewController.swift in Sources */ = {isa = PBXBuildFile; fileRef = 8E6BC20E2619998D00501FBD /* AlbumViewController.swift */; };
		8E6BC21226199E0C00501FBD /* AlbumDetailsResponse.swift in Sources */ = {isa = PBXBuildFile; fileRef = 8E6BC21126199E0C00501FBD /* AlbumDetailsResponse.swift */; };
		8E7836BB25F89CBD00D8E8D1 /* AppDelegate.swift in Sources */ = {isa = PBXBuildFile; fileRef = 8E7836BA25F89CBD00D8E8D1 /* AppDelegate.swift */; };
		8E7836BD25F89CBD00D8E8D1 /* SceneDelegate.swift in Sources */ = {isa = PBXBuildFile; fileRef = 8E7836BC25F89CBD00D8E8D1 /* SceneDelegate.swift */; };
		8E7836BF25F89CBD00D8E8D1 /* HomeViewController.swift in Sources */ = {isa = PBXBuildFile; fileRef = 8E7836BE25F89CBD00D8E8D1 /* HomeViewController.swift */; };
		8E7836C425F89CBE00D8E8D1 /* Assets.xcassets in Resources */ = {isa = PBXBuildFile; fileRef = 8E7836C325F89CBE00D8E8D1 /* Assets.xcassets */; };
		8E7836C725F89CBE00D8E8D1 /* LaunchScreen.storyboard in Resources */ = {isa = PBXBuildFile; fileRef = 8E7836C525F89CBE00D8E8D1 /* LaunchScreen.storyboard */; };
		8E7836D725F8C01200D8E8D1 /* TabBarViewController.swift in Sources */ = {isa = PBXBuildFile; fileRef = 8E7836D625F8C01200D8E8D1 /* TabBarViewController.swift */; };
		8E7836DB25F8C08200D8E8D1 /* SearchViewController.swift in Sources */ = {isa = PBXBuildFile; fileRef = 8E7836DA25F8C08200D8E8D1 /* SearchViewController.swift */; };
		8E7836DE25F8C09200D8E8D1 /* LibraryViewController.swift in Sources */ = {isa = PBXBuildFile; fileRef = 8E7836DD25F8C09200D8E8D1 /* LibraryViewController.swift */; };
		8E7836E325F8C0F100D8E8D1 /* LoginViewController.swift in Sources */ = {isa = PBXBuildFile; fileRef = 8E7836E225F8C0F100D8E8D1 /* LoginViewController.swift */; };
		8E7836E625F8C0FD00D8E8D1 /* WelcomeViewController.swift in Sources */ = {isa = PBXBuildFile; fileRef = 8E7836E525F8C0FD00D8E8D1 /* WelcomeViewController.swift */; };
		8E7836E925F8C11F00D8E8D1 /* SettingsViewController.swift in Sources */ = {isa = PBXBuildFile; fileRef = 8E7836E825F8C11F00D8E8D1 /* SettingsViewController.swift */; };
		8E7836EC25F8C13300D8E8D1 /* ProfileViewController.swift in Sources */ = {isa = PBXBuildFile; fileRef = 8E7836EB25F8C13300D8E8D1 /* ProfileViewController.swift */; };
		8E7836EF25F8C15E00D8E8D1 /* PlayerViewController.swift in Sources */ = {isa = PBXBuildFile; fileRef = 8E7836EE25F8C15E00D8E8D1 /* PlayerViewController.swift */; };
		8E7836F225F8C16A00D8E8D1 /* PlayListViewController.swift in Sources */ = {isa = PBXBuildFile; fileRef = 8E7836F125F8C16A00D8E8D1 /* PlayListViewController.swift */; };
		8E7836F525F8C19600D8E8D1 /* SearchResultViewController.swift in Sources */ = {isa = PBXBuildFile; fileRef = 8E7836F425F8C19600D8E8D1 /* SearchResultViewController.swift */; };
		8E7836F825F8C1F700D8E8D1 /* AuthManager.swift in Sources */ = {isa = PBXBuildFile; fileRef = 8E7836F725F8C1F700D8E8D1 /* AuthManager.swift */; };
		8E7836FB25F8C20800D8E8D1 /* ApiManager.swift in Sources */ = {isa = PBXBuildFile; fileRef = 8E7836FA25F8C20800D8E8D1 /* ApiManager.swift */; };
		8E7836FE25F8C22D00D8E8D1 /* HapticsManager.swift in Sources */ = {isa = PBXBuildFile; fileRef = 8E7836FD25F8C22D00D8E8D1 /* HapticsManager.swift */; };
		8E78370125F8C25700D8E8D1 /* PlayList.swift in Sources */ = {isa = PBXBuildFile; fileRef = 8E78370025F8C25700D8E8D1 /* PlayList.swift */; };
		8E78370425F8C26E00D8E8D1 /* AudioTrack.swift in Sources */ = {isa = PBXBuildFile; fileRef = 8E78370325F8C26E00D8E8D1 /* AudioTrack.swift */; };
		8E78370725F8C28B00D8E8D1 /* Artist.swift in Sources */ = {isa = PBXBuildFile; fileRef = 8E78370625F8C28B00D8E8D1 /* Artist.swift */; };
		8E78370A25F8C2BE00D8E8D1 /* UserProfile.swift in Sources */ = {isa = PBXBuildFile; fileRef = 8E78370925F8C2BE00D8E8D1 /* UserProfile.swift */; };
		8E78370E25F8DE1900D8E8D1 /* UIView.swift in Sources */ = {isa = PBXBuildFile; fileRef = 8E78370D25F8DE1900D8E8D1 /* UIView.swift */; };
		8E78371125F8ED0800D8E8D1 /* AuthResponse.swift in Sources */ = {isa = PBXBuildFile; fileRef = 8E78371025F8ED0800D8E8D1 /* AuthResponse.swift */; };
		8EA7AE3F2615E09900F01286 /* NewReleasesReponse.swift in Sources */ = {isa = PBXBuildFile; fileRef = 8EA7AE3E2615E09900F01286 /* NewReleasesReponse.swift */; };
		8EA7AE422615E1C500F01286 /* UserImage.swift in Sources */ = {isa = PBXBuildFile; fileRef = 8EA7AE412615E1C500F01286 /* UserImage.swift */; };
		8EA7AE452615E59D00F01286 /* FeaturedPlaylistsResponse.swift in Sources */ = {isa = PBXBuildFile; fileRef = 8EA7AE442615E59D00F01286 /* FeaturedPlaylistsResponse.swift */; };
		8EA7AE482615F56300F01286 /* RecommendationGenresResponse.swift in Sources */ = {isa = PBXBuildFile; fileRef = 8EA7AE472615F56300F01286 /* RecommendationGenresResponse.swift */; };
		8EB3C7CC2611F03A00BABEBE /* Settings.swift in Sources */ = {isa = PBXBuildFile; fileRef = 8EB3C7CB2611F03A00BABEBE /* Settings.swift */; };
		8EF493CD26147AC300EFB7E9 /* AppCenter.xcframework in Frameworks */ = {isa = PBXBuildFile; fileRef = 8EF493CC26147AC300EFB7E9 /* AppCenter.xcframework */; };
		8EF493CF26147AC300EFB7E9 /* AppCenterAnalytics.xcframework in Frameworks */ = {isa = PBXBuildFile; fileRef = 8EF493CE26147AC300EFB7E9 /* AppCenterAnalytics.xcframework */; };
		8EF493D126147AC300EFB7E9 /* AppCenterCrashes.xcframework in Frameworks */ = {isa = PBXBuildFile; fileRef = 8EF493D026147AC300EFB7E9 /* AppCenterCrashes.xcframework */; };
/* End PBXBuildFile section */

/* Begin PBXFileReference section */
		65BFA00B4FEBF56E82E62450 /* Pods_SpotifyRebuild.framework */ = {isa = PBXFileReference; explicitFileType = wrapper.framework; includeInIndex = 0; path = Pods_SpotifyRebuild.framework; sourceTree = BUILT_PRODUCTS_DIR; };
		71D5A104261B4B9800642D94 /* PlaylistDetailsResponse.swift */ = {isa = PBXFileReference; lastKnownFileType = sourcecode.swift; path = PlaylistDetailsResponse.swift; sourceTree = "<group>"; };
		71D5A10C261B589100642D94 /* PlaylistHeaderCollectionReusableView.swift */ = {isa = PBXFileReference; lastKnownFileType = sourcecode.swift; path = PlaylistHeaderCollectionReusableView.swift; sourceTree = "<group>"; };
		71D5A10F261B5ED100642D94 /* PlaylistHeaderViewModel.swift */ = {isa = PBXFileReference; lastKnownFileType = sourcecode.swift; path = PlaylistHeaderViewModel.swift; sourceTree = "<group>"; };
		71FA9ABA261C388400595397 /* TitleHeaderCollectionReusableView.swift */ = {isa = PBXFileReference; lastKnownFileType = sourcecode.swift; path = TitleHeaderCollectionReusableView.swift; sourceTree = "<group>"; };
		71FA9ABD261C50C600595397 /* AlbumTrackCollectionViewCell.swift */ = {isa = PBXFileReference; lastKnownFileType = sourcecode.swift; path = AlbumTrackCollectionViewCell.swift; sourceTree = "<group>"; };
		71FA9AC0261C525A00595397 /* AlbumCollectionCellViewModel.swift */ = {isa = PBXFileReference; lastKnownFileType = sourcecode.swift; path = AlbumCollectionCellViewModel.swift; sourceTree = "<group>"; };
		71FA9AC3261C533500595397 /* DateFormatter.swift */ = {isa = PBXFileReference; lastKnownFileType = sourcecode.swift; path = DateFormatter.swift; sourceTree = "<group>"; };
		71FA9AC6261C53D900595397 /* String.swift */ = {isa = PBXFileReference; lastKnownFileType = sourcecode.swift; path = String.swift; sourceTree = "<group>"; };
		71FA9AC9261C57AB00595397 /* SearchResultsViewController.swift */ = {isa = PBXFileReference; lastKnownFileType = sourcecode.swift; path = SearchResultsViewController.swift; sourceTree = "<group>"; };
		71FA9ACC261C5C7300595397 /* CategoryCollectionViewCell.swift */ = {isa = PBXFileReference; lastKnownFileType = sourcecode.swift; path = CategoryCollectionViewCell.swift; sourceTree = "<group>"; };
		71FA9ACF261C6DA000595397 /* AllCategoriesResponse.swift */ = {isa = PBXFileReference; lastKnownFileType = sourcecode.swift; path = AllCategoriesResponse.swift; sourceTree = "<group>"; };
		71FA9AD3261C740600595397 /* CategoryCollectionViewModel.swift */ = {isa = PBXFileReference; lastKnownFileType = sourcecode.swift; path = CategoryCollectionViewModel.swift; sourceTree = "<group>"; };
		71FA9AD7261C75CE00595397 /* CategoryViewController.swift */ = {isa = PBXFileReference; lastKnownFileType = sourcecode.swift; path = CategoryViewController.swift; sourceTree = "<group>"; };
		8E0A704A2616F56A001B197C /* RecommendationsResponse.swift */ = {isa = PBXFileReference; lastKnownFileType = sourcecode.swift; path = RecommendationsResponse.swift; sourceTree = "<group>"; };
		8E0A705026171F77001B197C /* NewReleaseCollectionViewCell.swift */ = {isa = PBXFileReference; lastKnownFileType = sourcecode.swift; path = NewReleaseCollectionViewCell.swift; sourceTree = "<group>"; };
		8E0A705426171FC3001B197C /* FeaturedPlaylistCollectionViewCell.swift */ = {isa = PBXFileReference; lastKnownFileType = sourcecode.swift; path = FeaturedPlaylistCollectionViewCell.swift; sourceTree = "<group>"; };
		8E0A705726171FF0001B197C /* RecommendedTrackCollectionViewCell.swift */ = {isa = PBXFileReference; lastKnownFileType = sourcecode.swift; path = RecommendedTrackCollectionViewCell.swift; sourceTree = "<group>"; };
		8E0A705A26172588001B197C /* NewReleasesCellViewModel.swift */ = {isa = PBXFileReference; lastKnownFileType = sourcecode.swift; path = NewReleasesCellViewModel.swift; sourceTree = "<group>"; };
		8E6BC20826198AB800501FBD /* FeaturedPlaylistCellViewModel.swift */ = {isa = PBXFileReference; lastKnownFileType = sourcecode.swift; path = FeaturedPlaylistCellViewModel.swift; sourceTree = "<group>"; };
		8E6BC20B26198B3A00501FBD /* RecommendedTrackCellViewModel.swift */ = {isa = PBXFileReference; lastKnownFileType = sourcecode.swift; path = RecommendedTrackCellViewModel.swift; sourceTree = "<group>"; };
		8E6BC20E2619998D00501FBD /* AlbumViewController.swift */ = {isa = PBXFileReference; lastKnownFileType = sourcecode.swift; path = AlbumViewController.swift; sourceTree = "<group>"; };
		8E6BC21126199E0C00501FBD /* AlbumDetailsResponse.swift */ = {isa = PBXFileReference; lastKnownFileType = sourcecode.swift; path = AlbumDetailsResponse.swift; sourceTree = "<group>"; };
		8E7836B725F89CBD00D8E8D1 /* SpotifyRebuild.app */ = {isa = PBXFileReference; explicitFileType = wrapper.application; includeInIndex = 0; path = SpotifyRebuild.app; sourceTree = BUILT_PRODUCTS_DIR; };
		8E7836BA25F89CBD00D8E8D1 /* AppDelegate.swift */ = {isa = PBXFileReference; lastKnownFileType = sourcecode.swift; path = AppDelegate.swift; sourceTree = "<group>"; };
		8E7836BC25F89CBD00D8E8D1 /* SceneDelegate.swift */ = {isa = PBXFileReference; lastKnownFileType = sourcecode.swift; path = SceneDelegate.swift; sourceTree = "<group>"; };
		8E7836BE25F89CBD00D8E8D1 /* HomeViewController.swift */ = {isa = PBXFileReference; lastKnownFileType = sourcecode.swift; path = HomeViewController.swift; sourceTree = "<group>"; };
		8E7836C325F89CBE00D8E8D1 /* Assets.xcassets */ = {isa = PBXFileReference; lastKnownFileType = folder.assetcatalog; path = Assets.xcassets; sourceTree = "<group>"; };
		8E7836C625F89CBE00D8E8D1 /* Base */ = {isa = PBXFileReference; lastKnownFileType = file.storyboard; name = Base; path = Base.lproj/LaunchScreen.storyboard; sourceTree = "<group>"; };
		8E7836C825F89CBE00D8E8D1 /* Info.plist */ = {isa = PBXFileReference; lastKnownFileType = text.plist.xml; path = Info.plist; sourceTree = "<group>"; };
		8E7836D625F8C01200D8E8D1 /* TabBarViewController.swift */ = {isa = PBXFileReference; lastKnownFileType = sourcecode.swift; path = TabBarViewController.swift; sourceTree = "<group>"; };
		8E7836DA25F8C08200D8E8D1 /* SearchViewController.swift */ = {isa = PBXFileReference; lastKnownFileType = sourcecode.swift; path = SearchViewController.swift; sourceTree = "<group>"; };
		8E7836DD25F8C09200D8E8D1 /* LibraryViewController.swift */ = {isa = PBXFileReference; lastKnownFileType = sourcecode.swift; path = LibraryViewController.swift; sourceTree = "<group>"; };
		8E7836E225F8C0F100D8E8D1 /* LoginViewController.swift */ = {isa = PBXFileReference; lastKnownFileType = sourcecode.swift; path = LoginViewController.swift; sourceTree = "<group>"; };
		8E7836E525F8C0FD00D8E8D1 /* WelcomeViewController.swift */ = {isa = PBXFileReference; lastKnownFileType = sourcecode.swift; path = WelcomeViewController.swift; sourceTree = "<group>"; };
		8E7836E825F8C11F00D8E8D1 /* SettingsViewController.swift */ = {isa = PBXFileReference; lastKnownFileType = sourcecode.swift; path = SettingsViewController.swift; sourceTree = "<group>"; };
		8E7836EB25F8C13300D8E8D1 /* ProfileViewController.swift */ = {isa = PBXFileReference; lastKnownFileType = sourcecode.swift; path = ProfileViewController.swift; sourceTree = "<group>"; };
		8E7836EE25F8C15E00D8E8D1 /* PlayerViewController.swift */ = {isa = PBXFileReference; lastKnownFileType = sourcecode.swift; path = PlayerViewController.swift; sourceTree = "<group>"; };
		8E7836F125F8C16A00D8E8D1 /* PlayListViewController.swift */ = {isa = PBXFileReference; lastKnownFileType = sourcecode.swift; path = PlayListViewController.swift; sourceTree = "<group>"; };
		8E7836F425F8C19600D8E8D1 /* SearchResultViewController.swift */ = {isa = PBXFileReference; lastKnownFileType = sourcecode.swift; path = SearchResultViewController.swift; sourceTree = "<group>"; };
		8E7836F725F8C1F700D8E8D1 /* AuthManager.swift */ = {isa = PBXFileReference; lastKnownFileType = sourcecode.swift; path = AuthManager.swift; sourceTree = "<group>"; };
		8E7836FA25F8C20800D8E8D1 /* ApiManager.swift */ = {isa = PBXFileReference; lastKnownFileType = sourcecode.swift; path = ApiManager.swift; sourceTree = "<group>"; };
		8E7836FD25F8C22D00D8E8D1 /* HapticsManager.swift */ = {isa = PBXFileReference; lastKnownFileType = sourcecode.swift; path = HapticsManager.swift; sourceTree = "<group>"; };
		8E78370025F8C25700D8E8D1 /* PlayList.swift */ = {isa = PBXFileReference; lastKnownFileType = sourcecode.swift; path = PlayList.swift; sourceTree = "<group>"; };
		8E78370325F8C26E00D8E8D1 /* AudioTrack.swift */ = {isa = PBXFileReference; lastKnownFileType = sourcecode.swift; path = AudioTrack.swift; sourceTree = "<group>"; };
		8E78370625F8C28B00D8E8D1 /* Artist.swift */ = {isa = PBXFileReference; lastKnownFileType = sourcecode.swift; path = Artist.swift; sourceTree = "<group>"; };
		8E78370925F8C2BE00D8E8D1 /* UserProfile.swift */ = {isa = PBXFileReference; lastKnownFileType = sourcecode.swift; path = UserProfile.swift; sourceTree = "<group>"; };
		8E78370D25F8DE1900D8E8D1 /* UIView.swift */ = {isa = PBXFileReference; lastKnownFileType = sourcecode.swift; path = UIView.swift; sourceTree = "<group>"; };
		8E78371025F8ED0800D8E8D1 /* AuthResponse.swift */ = {isa = PBXFileReference; lastKnownFileType = sourcecode.swift; path = AuthResponse.swift; sourceTree = "<group>"; };
		8EA7AE3E2615E09900F01286 /* NewReleasesReponse.swift */ = {isa = PBXFileReference; lastKnownFileType = sourcecode.swift; path = NewReleasesReponse.swift; sourceTree = "<group>"; };
		8EA7AE412615E1C500F01286 /* UserImage.swift */ = {isa = PBXFileReference; lastKnownFileType = sourcecode.swift; path = UserImage.swift; sourceTree = "<group>"; };
		8EA7AE442615E59D00F01286 /* FeaturedPlaylistsResponse.swift */ = {isa = PBXFileReference; lastKnownFileType = sourcecode.swift; path = FeaturedPlaylistsResponse.swift; sourceTree = "<group>"; };
		8EA7AE472615F56300F01286 /* RecommendationGenresResponse.swift */ = {isa = PBXFileReference; lastKnownFileType = sourcecode.swift; path = RecommendationGenresResponse.swift; sourceTree = "<group>"; };
		8EB3C7CB2611F03A00BABEBE /* Settings.swift */ = {isa = PBXFileReference; lastKnownFileType = sourcecode.swift; path = Settings.swift; sourceTree = "<group>"; };
		8EF493CC26147AC300EFB7E9 /* AppCenter.xcframework */ = {isa = PBXFileReference; lastKnownFileType = wrapper.xcframework; name = AppCenter.xcframework; path = "Pods/AppCenter/AppCenter-SDK-Apple/AppCenter.xcframework"; sourceTree = "<group>"; };
		8EF493CE26147AC300EFB7E9 /* AppCenterAnalytics.xcframework */ = {isa = PBXFileReference; lastKnownFileType = wrapper.xcframework; name = AppCenterAnalytics.xcframework; path = "Pods/AppCenter/AppCenter-SDK-Apple/AppCenterAnalytics.xcframework"; sourceTree = "<group>"; };
		8EF493D026147AC300EFB7E9 /* AppCenterCrashes.xcframework */ = {isa = PBXFileReference; lastKnownFileType = wrapper.xcframework; name = AppCenterCrashes.xcframework; path = "Pods/AppCenter/AppCenter-SDK-Apple/AppCenterCrashes.xcframework"; sourceTree = "<group>"; };
		8F56CB3A2BB86F26EDE27E9E /* Pods-SpotifyRebuild.release.xcconfig */ = {isa = PBXFileReference; includeInIndex = 1; lastKnownFileType = text.xcconfig; name = "Pods-SpotifyRebuild.release.xcconfig"; path = "Target Support Files/Pods-SpotifyRebuild/Pods-SpotifyRebuild.release.xcconfig"; sourceTree = "<group>"; };
		C56C3C434F03E18E0DFABCDB /* Pods-SpotifyRebuild.debug.xcconfig */ = {isa = PBXFileReference; includeInIndex = 1; lastKnownFileType = text.xcconfig; name = "Pods-SpotifyRebuild.debug.xcconfig"; path = "Target Support Files/Pods-SpotifyRebuild/Pods-SpotifyRebuild.debug.xcconfig"; sourceTree = "<group>"; };
/* End PBXFileReference section */

/* Begin PBXFrameworksBuildPhase section */
		8E7836B425F89CBD00D8E8D1 /* Frameworks */ = {
			isa = PBXFrameworksBuildPhase;
			buildActionMask = 2147483647;
			files = (
				8EF493CD26147AC300EFB7E9 /* AppCenter.xcframework in Frameworks */,
				8EF493CF26147AC300EFB7E9 /* AppCenterAnalytics.xcframework in Frameworks */,
				8EF493D126147AC300EFB7E9 /* AppCenterCrashes.xcframework in Frameworks */,
				0D78848E54B937EDBC5E9F7E /* Pods_SpotifyRebuild.framework in Frameworks */,
			);
			runOnlyForDeploymentPostprocessing = 0;
		};
/* End PBXFrameworksBuildPhase section */

/* Begin PBXGroup section */
		8E0A704F26171F41001B197C /* Browse */ = {
			isa = PBXGroup;
			children = (
				8E0A705026171F77001B197C /* NewReleaseCollectionViewCell.swift */,
				8E0A705426171FC3001B197C /* FeaturedPlaylistCollectionViewCell.swift */,
				8E0A705726171FF0001B197C /* RecommendedTrackCollectionViewCell.swift */,
				71FA9ABD261C50C600595397 /* AlbumTrackCollectionViewCell.swift */,
				71FA9ACC261C5C7300595397 /* CategoryCollectionViewCell.swift */,
			);
			path = Browse;
			sourceTree = "<group>";
		};
		8E7836AE25F89CBC00D8E8D1 = {
			isa = PBXGroup;
			children = (
				8E7836B925F89CBD00D8E8D1 /* SpotifyRebuild */,
				8E7836B825F89CBD00D8E8D1 /* Products */,
				C726EC8F14810C2A5B24D439 /* Pods */,
				CEFA9ADBF6BA5E63107ECF47 /* Frameworks */,
			);
			sourceTree = "<group>";
		};
		8E7836B825F89CBD00D8E8D1 /* Products */ = {
			isa = PBXGroup;
			children = (
				8E7836B725F89CBD00D8E8D1 /* SpotifyRebuild.app */,
			);
			name = Products;
			sourceTree = "<group>";
		};
		8E7836B925F89CBD00D8E8D1 /* SpotifyRebuild */ = {
			isa = PBXGroup;
			children = (
				8E7836D425F89D6400D8E8D1 /* Resources */,
				8E7836D325F89D4D00D8E8D1 /* Managers */,
				8E7836D225F89D0200D8E8D1 /* ViewModels */,
				8E7836D125F89CE100D8E8D1 /* Models */,
				8E7836D025F89CD700D8E8D1 /* Views */,
				8E7836CF25F89CCD00D8E8D1 /* Controllers */,
				8E7836C825F89CBE00D8E8D1 /* Info.plist */,
			);
			path = SpotifyRebuild;
			sourceTree = "<group>";
		};
		8E7836CF25F89CCD00D8E8D1 /* Controllers */ = {
			isa = PBXGroup;
			children = (
				8E7836E125F8C0C300D8E8D1 /* Other */,
				8E7836E025F8C0B100D8E8D1 /* Core */,
			);
			path = Controllers;
			sourceTree = "<group>";
		};
		8E7836D025F89CD700D8E8D1 /* Views */ = {
			isa = PBXGroup;
			children = (
				8E0A704F26171F41001B197C /* Browse */,
				8E7836C525F89CBE00D8E8D1 /* LaunchScreen.storyboard */,
				71D5A10C261B589100642D94 /* PlaylistHeaderCollectionReusableView.swift */,
				71FA9ABA261C388400595397 /* TitleHeaderCollectionReusableView.swift */,
			);
			path = Views;
			sourceTree = "<group>";
		};
		8E7836D125F89CE100D8E8D1 /* Models */ = {
			isa = PBXGroup;
			children = (
				8E78370025F8C25700D8E8D1 /* PlayList.swift */,
				8E78370325F8C26E00D8E8D1 /* AudioTrack.swift */,
				8E78370625F8C28B00D8E8D1 /* Artist.swift */,
				8E78370925F8C2BE00D8E8D1 /* UserProfile.swift */,
				8E78371025F8ED0800D8E8D1 /* AuthResponse.swift */,
				8EB3C7CB2611F03A00BABEBE /* Settings.swift */,
				8EA7AE3E2615E09900F01286 /* NewReleasesReponse.swift */,
				8EA7AE412615E1C500F01286 /* UserImage.swift */,
				8EA7AE442615E59D00F01286 /* FeaturedPlaylistsResponse.swift */,
				8EA7AE472615F56300F01286 /* RecommendationGenresResponse.swift */,
				8E0A704A2616F56A001B197C /* RecommendationsResponse.swift */,
				8E6BC21126199E0C00501FBD /* AlbumDetailsResponse.swift */,
				71D5A104261B4B9800642D94 /* PlaylistDetailsResponse.swift */,
				71FA9ACF261C6DA000595397 /* AllCategoriesResponse.swift */,
			);
			path = Models;
			sourceTree = "<group>";
		};
		8E7836D225F89D0200D8E8D1 /* ViewModels */ = {
			isa = PBXGroup;
			children = (
				8E0A705A26172588001B197C /* NewReleasesCellViewModel.swift */,
				8E6BC20826198AB800501FBD /* FeaturedPlaylistCellViewModel.swift */,
				8E6BC20B26198B3A00501FBD /* RecommendedTrackCellViewModel.swift */,
				71FA9AC0261C525A00595397 /* AlbumCollectionCellViewModel.swift */,
				71D5A10F261B5ED100642D94 /* PlaylistHeaderViewModel.swift */,
				71FA9AD3261C740600595397 /* CategoryCollectionViewModel.swift */,
			);
			path = ViewModels;
			sourceTree = "<group>";
		};
		8E7836D325F89D4D00D8E8D1 /* Managers */ = {
			isa = PBXGroup;
			children = (
				8E7836F725F8C1F700D8E8D1 /* AuthManager.swift */,
				8E7836FA25F8C20800D8E8D1 /* ApiManager.swift */,
				8E7836FD25F8C22D00D8E8D1 /* HapticsManager.swift */,
			);
			path = Managers;
			sourceTree = "<group>";
		};
		8E7836D425F89D6400D8E8D1 /* Resources */ = {
			isa = PBXGroup;
			children = (
				8E78370C25F8DE0500D8E8D1 /* Extension */,
				8E7836C325F89CBE00D8E8D1 /* Assets.xcassets */,
				8E7836BA25F89CBD00D8E8D1 /* AppDelegate.swift */,
				8E7836BC25F89CBD00D8E8D1 /* SceneDelegate.swift */,
			);
			path = Resources;
			sourceTree = "<group>";
		};
		8E7836E025F8C0B100D8E8D1 /* Core */ = {
			isa = PBXGroup;
			children = (
				8E7836BE25F89CBD00D8E8D1 /* HomeViewController.swift */,
				8E7836D625F8C01200D8E8D1 /* TabBarViewController.swift */,
				8E7836DA25F8C08200D8E8D1 /* SearchViewController.swift */,
				8E7836DD25F8C09200D8E8D1 /* LibraryViewController.swift */,
			);
			path = Core;
			sourceTree = "<group>";
		};
		8E7836E125F8C0C300D8E8D1 /* Other */ = {
			isa = PBXGroup;
			children = (
				8E7836E225F8C0F100D8E8D1 /* LoginViewController.swift */,
				8E7836E525F8C0FD00D8E8D1 /* WelcomeViewController.swift */,
				8E7836E825F8C11F00D8E8D1 /* SettingsViewController.swift */,
				8E7836EB25F8C13300D8E8D1 /* ProfileViewController.swift */,
				8E7836EE25F8C15E00D8E8D1 /* PlayerViewController.swift */,
				8E7836F125F8C16A00D8E8D1 /* PlayListViewController.swift */,
				8E7836F425F8C19600D8E8D1 /* SearchResultViewController.swift */,
				8E6BC20E2619998D00501FBD /* AlbumViewController.swift */,
				71FA9AC9261C57AB00595397 /* SearchResultsViewController.swift */,
				71FA9AD7261C75CE00595397 /* CategoryViewController.swift */,
			);
			path = Other;
			sourceTree = "<group>";
		};
		8E78370C25F8DE0500D8E8D1 /* Extension */ = {
			isa = PBXGroup;
			children = (
				8E78370D25F8DE1900D8E8D1 /* UIView.swift */,
				71FA9AC3261C533500595397 /* DateFormatter.swift */,
				71FA9AC6261C53D900595397 /* String.swift */,
			);
			path = Extension;
			sourceTree = "<group>";
		};
		C726EC8F14810C2A5B24D439 /* Pods */ = {
			isa = PBXGroup;
			children = (
				C56C3C434F03E18E0DFABCDB /* Pods-SpotifyRebuild.debug.xcconfig */,
				8F56CB3A2BB86F26EDE27E9E /* Pods-SpotifyRebuild.release.xcconfig */,
			);
			path = Pods;
			sourceTree = "<group>";
		};
		CEFA9ADBF6BA5E63107ECF47 /* Frameworks */ = {
			isa = PBXGroup;
			children = (
				8EF493CC26147AC300EFB7E9 /* AppCenter.xcframework */,
				8EF493CE26147AC300EFB7E9 /* AppCenterAnalytics.xcframework */,
				8EF493D026147AC300EFB7E9 /* AppCenterCrashes.xcframework */,
				65BFA00B4FEBF56E82E62450 /* Pods_SpotifyRebuild.framework */,
			);
			name = Frameworks;
			sourceTree = "<group>";
		};
/* End PBXGroup section */

/* Begin PBXNativeTarget section */
		8E7836B625F89CBD00D8E8D1 /* SpotifyRebuild */ = {
			isa = PBXNativeTarget;
			buildConfigurationList = 8E7836CB25F89CBE00D8E8D1 /* Build configuration list for PBXNativeTarget "SpotifyRebuild" */;
			buildPhases = (
				17E6958188521F74B62CF7C0 /* [CP] Check Pods Manifest.lock */,
				8E7836B325F89CBD00D8E8D1 /* Sources */,
				8E7836B425F89CBD00D8E8D1 /* Frameworks */,
				8E7836B525F89CBD00D8E8D1 /* Resources */,
				65518D686A803CF801AA0006 /* [CP] Embed Pods Frameworks */,
			);
			buildRules = (
			);
			dependencies = (
			);
			name = SpotifyRebuild;
			productName = SpotifyRebuild;
			productReference = 8E7836B725F89CBD00D8E8D1 /* SpotifyRebuild.app */;
			productType = "com.apple.product-type.application";
		};
/* End PBXNativeTarget section */

/* Begin PBXProject section */
		8E7836AF25F89CBC00D8E8D1 /* Project object */ = {
			isa = PBXProject;
			attributes = {
				LastSwiftUpdateCheck = 1240;
				LastUpgradeCheck = 1240;
				TargetAttributes = {
					8E7836B625F89CBD00D8E8D1 = {
						CreatedOnToolsVersion = 12.4;
						LastSwiftMigration = 1240;
					};
				};
			};
			buildConfigurationList = 8E7836B225F89CBC00D8E8D1 /* Build configuration list for PBXProject "SpotifyRebuild" */;
			compatibilityVersion = "Xcode 9.3";
			developmentRegion = en;
			hasScannedForEncodings = 0;
			knownRegions = (
				en,
				Base,
			);
			mainGroup = 8E7836AE25F89CBC00D8E8D1;
			productRefGroup = 8E7836B825F89CBD00D8E8D1 /* Products */;
			projectDirPath = "";
			projectRoot = "";
			targets = (
				8E7836B625F89CBD00D8E8D1 /* SpotifyRebuild */,
			);
		};
/* End PBXProject section */

/* Begin PBXResourcesBuildPhase section */
		8E7836B525F89CBD00D8E8D1 /* Resources */ = {
			isa = PBXResourcesBuildPhase;
			buildActionMask = 2147483647;
			files = (
				8E7836C725F89CBE00D8E8D1 /* LaunchScreen.storyboard in Resources */,
				8E7836C425F89CBE00D8E8D1 /* Assets.xcassets in Resources */,
			);
			runOnlyForDeploymentPostprocessing = 0;
		};
/* End PBXResourcesBuildPhase section */

/* Begin PBXShellScriptBuildPhase section */
		17E6958188521F74B62CF7C0 /* [CP] Check Pods Manifest.lock */ = {
			isa = PBXShellScriptBuildPhase;
			buildActionMask = 2147483647;
			files = (
			);
			inputFileListPaths = (
			);
			inputPaths = (
				"${PODS_PODFILE_DIR_PATH}/Podfile.lock",
				"${PODS_ROOT}/Manifest.lock",
			);
			name = "[CP] Check Pods Manifest.lock";
			outputFileListPaths = (
			);
			outputPaths = (
				"$(DERIVED_FILE_DIR)/Pods-SpotifyRebuild-checkManifestLockResult.txt",
			);
			runOnlyForDeploymentPostprocessing = 0;
			shellPath = /bin/sh;
			shellScript = "diff \"${PODS_PODFILE_DIR_PATH}/Podfile.lock\" \"${PODS_ROOT}/Manifest.lock\" > /dev/null\nif [ $? != 0 ] ; then\n    # print error to STDERR\n    echo \"error: The sandbox is not in sync with the Podfile.lock. Run 'pod install' or update your CocoaPods installation.\" >&2\n    exit 1\nfi\n# This output is used by Xcode 'outputs' to avoid re-running this script phase.\necho \"SUCCESS\" > \"${SCRIPT_OUTPUT_FILE_0}\"\n";
			showEnvVarsInLog = 0;
		};
		65518D686A803CF801AA0006 /* [CP] Embed Pods Frameworks */ = {
			isa = PBXShellScriptBuildPhase;
			buildActionMask = 2147483647;
			files = (
			);
			inputFileListPaths = (
				"${PODS_ROOT}/Target Support Files/Pods-SpotifyRebuild/Pods-SpotifyRebuild-frameworks-${CONFIGURATION}-input-files.xcfilelist",
			);
			name = "[CP] Embed Pods Frameworks";
			outputFileListPaths = (
				"${PODS_ROOT}/Target Support Files/Pods-SpotifyRebuild/Pods-SpotifyRebuild-frameworks-${CONFIGURATION}-output-files.xcfilelist",
			);
			runOnlyForDeploymentPostprocessing = 0;
			shellPath = /bin/sh;
			shellScript = "\"${PODS_ROOT}/Target Support Files/Pods-SpotifyRebuild/Pods-SpotifyRebuild-frameworks.sh\"\n";
			showEnvVarsInLog = 0;
		};
/* End PBXShellScriptBuildPhase section */

/* Begin PBXSourcesBuildPhase section */
		8E7836B325F89CBD00D8E8D1 /* Sources */ = {
			isa = PBXSourcesBuildPhase;
			buildActionMask = 2147483647;
			files = (
				8E7836E325F8C0F100D8E8D1 /* LoginViewController.swift in Sources */,
				71D5A105261B4B9800642D94 /* PlaylistDetailsResponse.swift in Sources */,
				71FA9AD8261C75CE00595397 /* CategoryViewController.swift in Sources */,
				8E7836F825F8C1F700D8E8D1 /* AuthManager.swift in Sources */,
				8E7836E625F8C0FD00D8E8D1 /* WelcomeViewController.swift in Sources */,
				71FA9AD0261C6DA000595397 /* AllCategoriesResponse.swift in Sources */,
				8E0A705B26172588001B197C /* NewReleasesCellViewModel.swift in Sources */,
				71FA9AD4261C740600595397 /* CategoryCollectionViewModel.swift in Sources */,
				8E6BC20C26198B3A00501FBD /* RecommendedTrackCellViewModel.swift in Sources */,
				8E7836EC25F8C13300D8E8D1 /* ProfileViewController.swift in Sources */,
				71FA9ABB261C388400595397 /* TitleHeaderCollectionReusableView.swift in Sources */,
				71FA9ACD261C5C7300595397 /* CategoryCollectionViewCell.swift in Sources */,
				8E6BC20F2619998D00501FBD /* AlbumViewController.swift in Sources */,
				8E6BC20926198AB800501FBD /* FeaturedPlaylistCellViewModel.swift in Sources */,
				8E7836DB25F8C08200D8E8D1 /* SearchViewController.swift in Sources */,
				8EA7AE3F2615E09900F01286 /* NewReleasesReponse.swift in Sources */,
				8E7836D725F8C01200D8E8D1 /* TabBarViewController.swift in Sources */,
				8E7836FE25F8C22D00D8E8D1 /* HapticsManager.swift in Sources */,
				8E0A705826171FF0001B197C /* RecommendedTrackCollectionViewCell.swift in Sources */,
				8E7836BF25F89CBD00D8E8D1 /* HomeViewController.swift in Sources */,
				8EB3C7CC2611F03A00BABEBE /* Settings.swift in Sources */,
				8EA7AE422615E1C500F01286 /* UserImage.swift in Sources */,
				8E0A704B2616F56A001B197C /* RecommendationsResponse.swift in Sources */,
				71FA9ABE261C50C600595397 /* AlbumTrackCollectionViewCell.swift in Sources */,
				8E78371125F8ED0800D8E8D1 /* AuthResponse.swift in Sources */,
				8E78370425F8C26E00D8E8D1 /* AudioTrack.swift in Sources */,
				8E0A705126171F77001B197C /* NewReleaseCollectionViewCell.swift in Sources */,
				8E7836FB25F8C20800D8E8D1 /* ApiManager.swift in Sources */,
				71FA9AC1261C525A00595397 /* AlbumCollectionCellViewModel.swift in Sources */,
				8E0A705526171FC3001B197C /* FeaturedPlaylistCollectionViewCell.swift in Sources */,
				8E78370E25F8DE1900D8E8D1 /* UIView.swift in Sources */,
				8EA7AE482615F56300F01286 /* RecommendationGenresResponse.swift in Sources */,
				8E78370125F8C25700D8E8D1 /* PlayList.swift in Sources */,
				71D5A10D261B589100642D94 /* PlaylistHeaderCollectionReusableView.swift in Sources */,
				8E7836BB25F89CBD00D8E8D1 /* AppDelegate.swift in Sources */,
				8E78370A25F8C2BE00D8E8D1 /* UserProfile.swift in Sources */,
				8E7836DE25F8C09200D8E8D1 /* LibraryViewController.swift in Sources */,
				71D5A110261B5ED100642D94 /* PlaylistHeaderViewModel.swift in Sources */,
				71FA9ACA261C57AB00595397 /* SearchResultsViewController.swift in Sources */,
				71FA9AC7261C53D900595397 /* String.swift in Sources */,
				8E78370725F8C28B00D8E8D1 /* Artist.swift in Sources */,
				8E7836F225F8C16A00D8E8D1 /* PlayListViewController.swift in Sources */,
				8E7836BD25F89CBD00D8E8D1 /* SceneDelegate.swift in Sources */,
				71FA9AC4261C533500595397 /* DateFormatter.swift in Sources */,
				8E6BC21226199E0C00501FBD /* AlbumDetailsResponse.swift in Sources */,
				8E7836EF25F8C15E00D8E8D1 /* PlayerViewController.swift in Sources */,
				8E7836F525F8C19600D8E8D1 /* SearchResultViewController.swift in Sources */,
				8EA7AE452615E59D00F01286 /* FeaturedPlaylistsResponse.swift in Sources */,
				8E7836E925F8C11F00D8E8D1 /* SettingsViewController.swift in Sources */,
			);
			runOnlyForDeploymentPostprocessing = 0;
		};
/* End PBXSourcesBuildPhase section */

/* Begin PBXVariantGroup section */
		8E7836C525F89CBE00D8E8D1 /* LaunchScreen.storyboard */ = {
			isa = PBXVariantGroup;
			children = (
				8E7836C625F89CBE00D8E8D1 /* Base */,
			);
			name = LaunchScreen.storyboard;
			sourceTree = "<group>";
		};
/* End PBXVariantGroup section */

/* Begin XCBuildConfiguration section */
		8E7836C925F89CBE00D8E8D1 /* Debug */ = {
			isa = XCBuildConfiguration;
			buildSettings = {
				ALWAYS_SEARCH_USER_PATHS = NO;
				CLANG_ANALYZER_NONNULL = YES;
				CLANG_ANALYZER_NUMBER_OBJECT_CONVERSION = YES_AGGRESSIVE;
				CLANG_CXX_LANGUAGE_STANDARD = "gnu++14";
				CLANG_CXX_LIBRARY = "libc++";
				CLANG_ENABLE_MODULES = YES;
				CLANG_ENABLE_OBJC_ARC = YES;
				CLANG_ENABLE_OBJC_WEAK = YES;
				CLANG_WARN_BLOCK_CAPTURE_AUTORELEASING = YES;
				CLANG_WARN_BOOL_CONVERSION = YES;
				CLANG_WARN_COMMA = YES;
				CLANG_WARN_CONSTANT_CONVERSION = YES;
				CLANG_WARN_DEPRECATED_OBJC_IMPLEMENTATIONS = YES;
				CLANG_WARN_DIRECT_OBJC_ISA_USAGE = YES_ERROR;
				CLANG_WARN_DOCUMENTATION_COMMENTS = YES;
				CLANG_WARN_EMPTY_BODY = YES;
				CLANG_WARN_ENUM_CONVERSION = YES;
				CLANG_WARN_INFINITE_RECURSION = YES;
				CLANG_WARN_INT_CONVERSION = YES;
				CLANG_WARN_NON_LITERAL_NULL_CONVERSION = YES;
				CLANG_WARN_OBJC_IMPLICIT_RETAIN_SELF = YES;
				CLANG_WARN_OBJC_LITERAL_CONVERSION = YES;
				CLANG_WARN_OBJC_ROOT_CLASS = YES_ERROR;
				CLANG_WARN_QUOTED_INCLUDE_IN_FRAMEWORK_HEADER = YES;
				CLANG_WARN_RANGE_LOOP_ANALYSIS = YES;
				CLANG_WARN_STRICT_PROTOTYPES = YES;
				CLANG_WARN_SUSPICIOUS_MOVE = YES;
				CLANG_WARN_UNGUARDED_AVAILABILITY = YES_AGGRESSIVE;
				CLANG_WARN_UNREACHABLE_CODE = YES;
				CLANG_WARN__DUPLICATE_METHOD_MATCH = YES;
				COPY_PHASE_STRIP = NO;
				DEBUG_INFORMATION_FORMAT = dwarf;
				ENABLE_STRICT_OBJC_MSGSEND = YES;
				ENABLE_TESTABILITY = YES;
				GCC_C_LANGUAGE_STANDARD = gnu11;
				GCC_DYNAMIC_NO_PIC = NO;
				GCC_NO_COMMON_BLOCKS = YES;
				GCC_OPTIMIZATION_LEVEL = 0;
				GCC_PREPROCESSOR_DEFINITIONS = (
					"DEBUG=1",
					"$(inherited)",
				);
				GCC_WARN_64_TO_32_BIT_CONVERSION = YES;
				GCC_WARN_ABOUT_RETURN_TYPE = YES_ERROR;
				GCC_WARN_UNDECLARED_SELECTOR = YES;
				GCC_WARN_UNINITIALIZED_AUTOS = YES_AGGRESSIVE;
				GCC_WARN_UNUSED_FUNCTION = YES;
				GCC_WARN_UNUSED_VARIABLE = YES;
				IPHONEOS_DEPLOYMENT_TARGET = 13.2;
				MTL_ENABLE_DEBUG_INFO = INCLUDE_SOURCE;
				MTL_FAST_MATH = YES;
				ONLY_ACTIVE_ARCH = YES;
				SDKROOT = iphoneos;
				SWIFT_ACTIVE_COMPILATION_CONDITIONS = DEBUG;
				SWIFT_OPTIMIZATION_LEVEL = "-Onone";
			};
			name = Debug;
		};
		8E7836CA25F89CBE00D8E8D1 /* Release */ = {
			isa = XCBuildConfiguration;
			buildSettings = {
				ALWAYS_SEARCH_USER_PATHS = NO;
				CLANG_ANALYZER_NONNULL = YES;
				CLANG_ANALYZER_NUMBER_OBJECT_CONVERSION = YES_AGGRESSIVE;
				CLANG_CXX_LANGUAGE_STANDARD = "gnu++14";
				CLANG_CXX_LIBRARY = "libc++";
				CLANG_ENABLE_MODULES = YES;
				CLANG_ENABLE_OBJC_ARC = YES;
				CLANG_ENABLE_OBJC_WEAK = YES;
				CLANG_WARN_BLOCK_CAPTURE_AUTORELEASING = YES;
				CLANG_WARN_BOOL_CONVERSION = YES;
				CLANG_WARN_COMMA = YES;
				CLANG_WARN_CONSTANT_CONVERSION = YES;
				CLANG_WARN_DEPRECATED_OBJC_IMPLEMENTATIONS = YES;
				CLANG_WARN_DIRECT_OBJC_ISA_USAGE = YES_ERROR;
				CLANG_WARN_DOCUMENTATION_COMMENTS = YES;
				CLANG_WARN_EMPTY_BODY = YES;
				CLANG_WARN_ENUM_CONVERSION = YES;
				CLANG_WARN_INFINITE_RECURSION = YES;
				CLANG_WARN_INT_CONVERSION = YES;
				CLANG_WARN_NON_LITERAL_NULL_CONVERSION = YES;
				CLANG_WARN_OBJC_IMPLICIT_RETAIN_SELF = YES;
				CLANG_WARN_OBJC_LITERAL_CONVERSION = YES;
				CLANG_WARN_OBJC_ROOT_CLASS = YES_ERROR;
				CLANG_WARN_QUOTED_INCLUDE_IN_FRAMEWORK_HEADER = YES;
				CLANG_WARN_RANGE_LOOP_ANALYSIS = YES;
				CLANG_WARN_STRICT_PROTOTYPES = YES;
				CLANG_WARN_SUSPICIOUS_MOVE = YES;
				CLANG_WARN_UNGUARDED_AVAILABILITY = YES_AGGRESSIVE;
				CLANG_WARN_UNREACHABLE_CODE = YES;
				CLANG_WARN__DUPLICATE_METHOD_MATCH = YES;
				COPY_PHASE_STRIP = NO;
				DEBUG_INFORMATION_FORMAT = "dwarf-with-dsym";
				ENABLE_NS_ASSERTIONS = NO;
				ENABLE_STRICT_OBJC_MSGSEND = YES;
				GCC_C_LANGUAGE_STANDARD = gnu11;
				GCC_NO_COMMON_BLOCKS = YES;
				GCC_WARN_64_TO_32_BIT_CONVERSION = YES;
				GCC_WARN_ABOUT_RETURN_TYPE = YES_ERROR;
				GCC_WARN_UNDECLARED_SELECTOR = YES;
				GCC_WARN_UNINITIALIZED_AUTOS = YES_AGGRESSIVE;
				GCC_WARN_UNUSED_FUNCTION = YES;
				GCC_WARN_UNUSED_VARIABLE = YES;
				IPHONEOS_DEPLOYMENT_TARGET = 13.2;
				MTL_ENABLE_DEBUG_INFO = NO;
				MTL_FAST_MATH = YES;
				SDKROOT = iphoneos;
				SWIFT_COMPILATION_MODE = wholemodule;
				SWIFT_OPTIMIZATION_LEVEL = "-O";
				VALIDATE_PRODUCT = YES;
			};
			name = Release;
		};
		8E7836CC25F89CBE00D8E8D1 /* Debug */ = {
			isa = XCBuildConfiguration;
			baseConfigurationReference = C56C3C434F03E18E0DFABCDB /* Pods-SpotifyRebuild.debug.xcconfig */;
			buildSettings = {
				ASSETCATALOG_COMPILER_APPICON_NAME = AppIcon;
				ASSETCATALOG_COMPILER_GLOBAL_ACCENT_COLOR_NAME = AccentColor;
				CLANG_ENABLE_MODULES = YES;
				CODE_SIGN_STYLE = Automatic;
				DEVELOPMENT_TEAM = 7449R7248Z;
				INFOPLIST_FILE = SpotifyRebuild/Info.plist;
				LD_RUNPATH_SEARCH_PATHS = (
					"$(inherited)",
					"@executable_path/Frameworks",
				);
				PRODUCT_BUNDLE_IDENTIFIER = com.dsi.SSFTemp.SpotifyRebuild;
				PRODUCT_NAME = "$(TARGET_NAME)";
				SWIFT_OPTIMIZATION_LEVEL = "-Onone";
				SWIFT_VERSION = 5.0;
				TARGETED_DEVICE_FAMILY = "1,2";
			};
			name = Debug;
		};
		8E7836CD25F89CBE00D8E8D1 /* Release */ = {
			isa = XCBuildConfiguration;
			baseConfigurationReference = 8F56CB3A2BB86F26EDE27E9E /* Pods-SpotifyRebuild.release.xcconfig */;
			buildSettings = {
				ASSETCATALOG_COMPILER_APPICON_NAME = AppIcon;
				ASSETCATALOG_COMPILER_GLOBAL_ACCENT_COLOR_NAME = AccentColor;
				CLANG_ENABLE_MODULES = YES;
				CODE_SIGN_STYLE = Automatic;
				DEVELOPMENT_TEAM = 7449R7248Z;
				INFOPLIST_FILE = SpotifyRebuild/Info.plist;
				LD_RUNPATH_SEARCH_PATHS = (
					"$(inherited)",
					"@executable_path/Frameworks",
				);
				PRODUCT_BUNDLE_IDENTIFIER = com.dsi.SSFTemp.SpotifyRebuild;
				PRODUCT_NAME = "$(TARGET_NAME)";
				SWIFT_VERSION = 5.0;
				TARGETED_DEVICE_FAMILY = "1,2";
			};
			name = Release;
		};
/* End XCBuildConfiguration section */

/* Begin XCConfigurationList section */
		8E7836B225F89CBC00D8E8D1 /* Build configuration list for PBXProject "SpotifyRebuild" */ = {
			isa = XCConfigurationList;
			buildConfigurations = (
				8E7836C925F89CBE00D8E8D1 /* Debug */,
				8E7836CA25F89CBE00D8E8D1 /* Release */,
			);
			defaultConfigurationIsVisible = 0;
			defaultConfigurationName = Release;
		};
		8E7836CB25F89CBE00D8E8D1 /* Build configuration list for PBXNativeTarget "SpotifyRebuild" */ = {
			isa = XCConfigurationList;
			buildConfigurations = (
				8E7836CC25F89CBE00D8E8D1 /* Debug */,
				8E7836CD25F89CBE00D8E8D1 /* Release */,
			);
			defaultConfigurationIsVisible = 0;
			defaultConfigurationName = Release;
		};
/* End XCConfigurationList section */
	};
	rootObject = 8E7836AF25F89CBC00D8E8D1 /* Project object */;
}
